# This file is autogenerated, do not edit; changes may be undone by the next 'dep ensure'.


[[projects]]
  digest = "1:bd3632deea7c224314b504dc51fbd244a59163e89c0cb730877d51bb13f5f74a"
  name = "github.com/PuerkitoBio/purell"
  packages = ["."]
  pruneopts = "T"
  revision = "44968752391892e1b0d0b821ee79e9a85fa13049"
  version = "v1.1.1"

[[projects]]
  branch = "master"
  digest = "1:c739832d67eb1e9cc478a19cc1a1ccd78df0397bf8a32978b759152e205f644b"
  name = "github.com/PuerkitoBio/urlesc"
  packages = ["."]
  pruneopts = "T"
  revision = "de5bf2ad457846296e2031421a34e2568e304e35"

[[projects]]
  digest = "1:701ec53dfa0182bf25e5c09e664906f11d697e779b59461a2607dbd4dc75a4f9"
  name = "github.com/go-openapi/jsonpointer"
  packages = ["."]
  pruneopts = "T"
  revision = "ef5f0afec364d3b9396b7b77b43dbe26bf1f8004"
  version = "v0.19.0"

[[projects]]
  digest = "1:3f17ebd557845adeb347c9e398394e96ebc18e0ec94cc04972be87851a4679e0"
  name = "github.com/go-openapi/jsonreference"
  packages = ["."]
  pruneopts = "T"
  revision = "8483a886a90412cd6858df4ea3483dce9c8e35a3"
  version = "v0.19.0"

[[projects]]
  digest = "1:40910b9a3f0c63bcbb9da11fe471a95899dc0e139284bd892ac18819a37bbfc5"
  name = "github.com/go-openapi/spec"
  packages = ["."]
  pruneopts = "T"
  revision = "53d776530bf78a11b03a7b52dd8a083086b045e5"
  version = "v0.19.0"

[[projects]]
  digest = "1:8d6ff454d55699bfcfdc2ef77547defda00f7531e4b6c4483e5606b749255168"
  name = "github.com/go-openapi/swag"
  packages = ["."]
  pruneopts = "T"
  revision = "b3e2804c8535ee0d1b89320afd98474d5b8e9e3b"
  version = "v0.19.0"

[[projects]]
  branch = "master"
  digest = "1:d594a6358158ddbd8996cefe7982228a1f57a6d0f27b6ea71b7e04cf578170aa"
  name = "github.com/mailru/easyjson"
  packages = [
    "buffer",
    "jlexer",
    "jwriter",
  ]
  pruneopts = "T"
  revision = "1ea4449da9834f4d333f1cc461c374aea217d249"

[[projects]]
  digest = "1:cf31692c14422fa27c83a05292eb5cbe0fb2775972e8f1f8446a71549bd8980b"
  name = "github.com/pkg/errors"
  packages = ["."]
  pruneopts = "T"
  revision = "ba968bfe8b2f7e042a574c888954fccecfa385b4"
  version = "v0.8.1"

[[projects]]
  branch = "master"
  digest = "1:91b37f2bde81b0fd637ef537377e57e98aecfcbe5e47ba310a15a332d08be9f9"
  name = "github.com/swaggo/files"
  packages = ["."]
  pruneopts = "T"
  revision = "30649e0721f8182c54490d5f74ef0e03f8b50e4e"

[[projects]]
  branch = "master"
  digest = "1:b32013ef0867384535bc1eccf86a17d5c442569af6f19be95b654de64b5882ec"
  name = "github.com/swaggo/http-swagger"
  packages = ["."]
  pruneopts = "T"
  revision = "79126c07518e87da94d8fff0c33c5e185746f51d"

[[projects]]
  digest = "1:f43392f4fd2d04be01c98ce1a0d9fcd31cdfef51d7af976aa8872fc03a085654"
  name = "github.com/swaggo/swag"
  packages = ["."]
  pruneopts = "T"
  revision = "a5009d0064c700c555082c4290d6eab9a923721b"
  version = "v1.5.0"

[[projects]]
  branch = "master"
  digest = "1:ad578c798ed5a091692e29b9527d344fa03e16e8979425c8a46c4db27a817b43"
  name = "golang.org/x/net"
  packages = [
    "context",
    "idna",
    "webdav",
    "webdav/internal/xml",
  ]
  pruneopts = "T"
  revision = "f3200d17e092c607f615320ecaad13d87ad9a2b3"

[[projects]]
  digest = "1:0a6103b1dc59b52f7e64a491b398b854c0fcaacde43c25ce468610a64311b72d"
  name = "golang.org/x/text"
  packages = [
    "collate",
    "collate/build",
    "internal/colltab",
    "internal/gen",
    "internal/language",
    "internal/language/compact",
    "internal/tag",
    "internal/triegen",
    "internal/ucd",
    "language",
    "secure/bidirule",
    "transform",
    "unicode/bidi",
    "unicode/cldr",
    "unicode/norm",
    "unicode/rangetable",
    "width",
  ]
  pruneopts = "T"
  revision = "342b2e1fbaa52c93f31447ad2c6abc048c63e475"
  version = "v0.3.2"

[[projects]]
  branch = "master"
  digest = "1:6733e0f77e661c82bddee9b500035d67217266621f160cc525545e21f0680ecd"
  name = "golang.org/x/tools"
  packages = [
    "go/ast/astutil",
    "go/buildutil",
    "go/internal/cgo",
    "go/loader",
  ]
  pruneopts = "T"
  revision = "7be61e1b0e514e106d83fc439d56a79143738603"

[[projects]]
  digest = "1:4d2e5a73dc1500038e504a8d78b986630e3626dc027bc030ba5c75da257cdb96"
  name = "gopkg.in/yaml.v2"
  packages = ["."]
  pruneopts = "T"
  revision = "51d6538a90f86fe93ac480b35f37b2be17fef232"
  version = "v2.2.2"

[solve-meta]
  analyzer-name = "dep"
  analyzer-version = 1
  input-imports = ["github.com/swaggo/http-swagger"]
  solver-name = "gps-cdcl"
  solver-version = 1
